
Microsoft Visual Studio Solution File, Format Version 12.00
# Visual Studio Version 16
VisualStudioVersion = 16.0.32002.261
MinimumVisualStudioVersion = 10.0.40219.1
Project("{FAE04EC0-301F-11D3-BF4B-00C04F79EFBC}") = "TryCatchAssignment", "TryCatchAssignment\TryCatchAssignment.csproj", "{DB5190A6-BA85-4A09-96E4-9149322DCEDD}"
EndProject
Global
	GlobalSection(SolutionConfigurationPlatforms) = preSolution
		Debug|Any CPU = Debug|Any CPU
		Release|Any CPU = Release|Any CPU
	EndGlobalSection
	GlobalSection(ProjectConfigurationPlatforms) = postSolution
		{DB5190A6-BA85-4A09-96E4-9149322DCEDD}.Debug|Any CPU.ActiveCfg = Debug|Any CPU
		{DB5190A6-BA85-4A09-96E4-9149322DCEDD}.Debug|Any CPU.Build.0 = Debug|Any CPU
		{DB5190A6-BA85-4A09-96E4-9149322DCEDD}.Release|Any CPU.ActiveCfg = Release|Any CPU
		{DB5190A6-BA85-4A09-96E4-9149322DCEDD}.Release|Any CPU.Build.0 = Release|Any CPU
	EndGlobalSection
	GlobalSection(SolutionProperties) = preSolution
		HideSolutionNode = FALSE
	EndGlobalSection
	GlobalSection(ExtensibilityGlobals) = postSolution
		SolutionGuid = {B3C910E2-5D35-4B14-81DF-E89F4FED3BED}
	EndGlobalSection
EndGlobal
