
Microsoft Visual Studio Solution File, Format Version 12.00
# Visual Studio Version 16
VisualStudioVersion = 16.0.32002.261
MinimumVisualStudioVersion = 10.0.40219.1
Project("{FAE04EC0-301F-11D3-BF4B-00C04F79EFBC}") = "TwentyOne", "TwentyOne\TwentyOne.csproj", "{0B97C90C-C7E7-4E43-AB9C-7C345E376DE1}"
EndProject
Project("{FAE04EC0-301F-11D3-BF4B-00C04F79EFBC}") = "Casino", "Casino\Casino.csproj", "{98E6404F-C9ED-4F14-9A02-F996EB3A7310}"
EndProject
Global
	GlobalSection(SolutionConfigurationPlatforms) = preSolution
		Debug|Any CPU = Debug|Any CPU
		Release|Any CPU = Release|Any CPU
	EndGlobalSection
	GlobalSection(ProjectConfigurationPlatforms) = postSolution
		{0B97C90C-C7E7-4E43-AB9C-7C345E376DE1}.Debug|Any CPU.ActiveCfg = Debug|Any CPU
		{0B97C90C-C7E7-4E43-AB9C-7C345E376DE1}.Debug|Any CPU.Build.0 = Debug|Any CPU
		{0B97C90C-C7E7-4E43-AB9C-7C345E376DE1}.Release|Any CPU.ActiveCfg = Release|Any CPU
		{0B97C90C-C7E7-4E43-AB9C-7C345E376DE1}.Release|Any CPU.Build.0 = Release|Any CPU
		{98E6404F-C9ED-4F14-9A02-F996EB3A7310}.Debug|Any CPU.ActiveCfg = Debug|Any CPU
		{98E6404F-C9ED-4F14-9A02-F996EB3A7310}.Debug|Any CPU.Build.0 = Debug|Any CPU
		{98E6404F-C9ED-4F14-9A02-F996EB3A7310}.Release|Any CPU.ActiveCfg = Release|Any CPU
		{98E6404F-C9ED-4F14-9A02-F996EB3A7310}.Release|Any CPU.Build.0 = Release|Any CPU
	EndGlobalSection
	GlobalSection(SolutionProperties) = preSolution
		HideSolutionNode = FALSE
	EndGlobalSection
	GlobalSection(ExtensibilityGlobals) = postSolution
		SolutionGuid = {2B2917A8-AC21-43ED-8E76-EAE1B47EA77B}
	EndGlobalSection
EndGlobal
