
Microsoft Visual Studio Solution File, Format Version 12.00
# Visual Studio Version 16
VisualStudioVersion = 16.0.32002.261
MinimumVisualStudioVersion = 10.0.40219.1
Project("{FAE04EC0-301F-11D3-BF4B-00C04F79EFBC}") = "ConsoleApp-SixPartAssignment", "ConsoleApp-SixPartAssignment\ConsoleApp-SixPartAssignment.csproj", "{28A8EA97-D8BC-4DA4-99AD-71B873F4A394}"
EndProject
Global
	GlobalSection(SolutionConfigurationPlatforms) = preSolution
		Debug|Any CPU = Debug|Any CPU
		Release|Any CPU = Release|Any CPU
	EndGlobalSection
	GlobalSection(ProjectConfigurationPlatforms) = postSolution
		{28A8EA97-D8BC-4DA4-99AD-71B873F4A394}.Debug|Any CPU.ActiveCfg = Debug|Any CPU
		{28A8EA97-D8BC-4DA4-99AD-71B873F4A394}.Debug|Any CPU.Build.0 = Debug|Any CPU
		{28A8EA97-D8BC-4DA4-99AD-71B873F4A394}.Release|Any CPU.ActiveCfg = Release|Any CPU
		{28A8EA97-D8BC-4DA4-99AD-71B873F4A394}.Release|Any CPU.Build.0 = Release|Any CPU
	EndGlobalSection
	GlobalSection(SolutionProperties) = preSolution
		HideSolutionNode = FALSE
	EndGlobalSection
	GlobalSection(ExtensibilityGlobals) = postSolution
		SolutionGuid = {14D32534-FC7A-4369-AB04-8DDCCB7E2857}
	EndGlobalSection
EndGlobal
