
Microsoft Visual Studio Solution File, Format Version 12.00
# Visual Studio Version 16
VisualStudioVersion = 16.0.32002.261
MinimumVisualStudioVersion = 10.0.40219.1
Project("{FAE04EC0-301F-11D3-BF4B-00C04F79EFBC}") = "StringAssignment", "StringAssignment\StringAssignment.csproj", "{7C399CC0-E180-4BB4-83AF-388277B7AB36}"
EndProject
Global
	GlobalSection(SolutionConfigurationPlatforms) = preSolution
		Debug|Any CPU = Debug|Any CPU
		Release|Any CPU = Release|Any CPU
	EndGlobalSection
	GlobalSection(ProjectConfigurationPlatforms) = postSolution
		{7C399CC0-E180-4BB4-83AF-388277B7AB36}.Debug|Any CPU.ActiveCfg = Debug|Any CPU
		{7C399CC0-E180-4BB4-83AF-388277B7AB36}.Debug|Any CPU.Build.0 = Debug|Any CPU
		{7C399CC0-E180-4BB4-83AF-388277B7AB36}.Release|Any CPU.ActiveCfg = Release|Any CPU
		{7C399CC0-E180-4BB4-83AF-388277B7AB36}.Release|Any CPU.Build.0 = Release|Any CPU
	EndGlobalSection
	GlobalSection(SolutionProperties) = preSolution
		HideSolutionNode = FALSE
	EndGlobalSection
	GlobalSection(ExtensibilityGlobals) = postSolution
		SolutionGuid = {2DE42B37-F817-4591-AA7C-8BF1A96330AA}
	EndGlobalSection
EndGlobal
